
Microsoft Visual Studio Solution File, Format Version 11.00
# Visual Studio 2010
Project("{FAE04EC0-301F-11D3-BF4B-00C04F79EFBC}") = "UnityEngine.TestRunner", "UnityEngine.TestRunner.csproj", "{5bc7f6b0-dd29-66a1-c50e-9e99658ce119}"
EndProject
Project("{FAE04EC0-301F-11D3-BF4B-00C04F79EFBC}") = "Unity.Mathematics", "Unity.Mathematics.csproj", "{92e8f21d-c147-3efe-2c2c-4a008962d89c}"
EndProject
Project("{FAE04EC0-301F-11D3-BF4B-00C04F79EFBC}") = "Unity.2D.Animation.Triangle.Runtime", "Unity.2D.Animation.Triangle.Runtime.csproj", "{c8599442-0e9d-db72-ee7e-6d74208ca662}"
EndProject
Project("{FAE04EC0-301F-11D3-BF4B-00C04F79EFBC}") = "Unity.Timeline", "Unity.Timeline.csproj", "{5bfbb393-b445-51cf-ffaa-d2051f780189}"
EndProject
Project("{FAE04EC0-301F-11D3-BF4B-00C04F79EFBC}") = "UnityEngine.UI", "UnityEngine.UI.csproj", "{14f6f076-373b-525c-6aae-e320eb765b8f}"
EndProject
Project("{FAE04EC0-301F-11D3-BF4B-00C04F79EFBC}") = "Unity.TextMeshPro", "Unity.TextMeshPro.csproj", "{9614dd5b-3eb3-c570-017d-a37230f44f09}"
EndProject
Project("{FAE04EC0-301F-11D3-BF4B-00C04F79EFBC}") = "Unity.2D.Animation.Runtime", "Unity.2D.Animation.Runtime.csproj", "{3fce58a9-b82a-3590-d08e-f17e949398a9}"
EndProject
Project("{FAE04EC0-301F-11D3-BF4B-00C04F79EFBC}") = "Unity.2D.IK.Runtime", "Unity.2D.IK.Runtime.csproj", "{4d56582a-39a7-679e-ee90-2130633a2318}"
EndProject
Project("{FAE04EC0-301F-11D3-BF4B-00C04F79EFBC}") = "Unity.2D.SpriteShape.Runtime", "Unity.2D.SpriteShape.Runtime.csproj", "{84a9459b-ee89-ab9b-4c91-656179a843f9}"
EndProject
Project("{FAE04EC0-301F-11D3-BF4B-00C04F79EFBC}") = "Unity.2D.PixelPerfect", "Unity.2D.PixelPerfect.csproj", "{a916aa7b-b460-6b46-3b2f-c469bae8b3a1}"
EndProject
Project("{FAE04EC0-301F-11D3-BF4B-00C04F79EFBC}") = "Unity.2D.Common.Runtime", "Unity.2D.Common.Runtime.csproj", "{e115f0db-6b50-2a6d-8ef8-f1f8dc99a57f}"
EndProject
Project("{FAE04EC0-301F-11D3-BF4B-00C04F79EFBC}") = "Unity.InternalAPIEngineBridge.001", "Unity.InternalAPIEngineBridge.001.csproj", "{a3e1dce3-a7db-4d11-912e-7773c6b84c12}"
EndProject
Project("{FAE04EC0-301F-11D3-BF4B-00C04F79EFBC}") = "Assembly-CSharp", "Assembly-CSharp.csproj", "{ef1f47a6-191f-ae3c-a942-801736d74a1b}"
EndProject
Project("{FAE04EC0-301F-11D3-BF4B-00C04F79EFBC}") = "UnityEditor.TestRunner", "UnityEditor.TestRunner.csproj", "{1cb9aac0-49e3-5dc2-2c19-4bcb8ea6925f}"
EndProject
Project("{FAE04EC0-301F-11D3-BF4B-00C04F79EFBC}") = "UnityEditor.UI", "UnityEditor.UI.csproj", "{66c89579-1d65-ca68-9035-f5f269fc4cd1}"
EndProject
Project("{FAE04EC0-301F-11D3-BF4B-00C04F79EFBC}") = "Unity.Timeline.Editor", "Unity.Timeline.Editor.csproj", "{24b8ff5a-0dda-3de5-d752-dd30e2cd29ef}"
EndProject
Project("{FAE04EC0-301F-11D3-BF4B-00C04F79EFBC}") = "Unity.VisualStudio.Editor", "Unity.VisualStudio.Editor.csproj", "{527ead85-558a-0fcc-2b53-6af6874a8ee1}"
EndProject
Project("{FAE04EC0-301F-11D3-BF4B-00C04F79EFBC}") = "Unity.2D.Psdimporter.Editor", "Unity.2D.Psdimporter.Editor.csproj", "{7569636e-92da-4a0d-dd82-a0710b53a235}"
EndProject
Project("{FAE04EC0-301F-11D3-BF4B-00C04F79EFBC}") = "Unity.2D.Animation.Editor", "Unity.2D.Animation.Editor.csproj", "{c91e522a-664a-1121-8613-244649b7de81}"
EndProject
Project("{FAE04EC0-301F-11D3-BF4B-00C04F79EFBC}") = "Unity.TextMeshPro.Editor", "Unity.TextMeshPro.Editor.csproj", "{94fb8399-35f5-a465-c398-450ac88176a7}"
EndProject
Project("{FAE04EC0-301F-11D3-BF4B-00C04F79EFBC}") = "Unity.2D.SpriteShape.Editor", "Unity.2D.SpriteShape.Editor.csproj", "{4b2b6e2d-af92-1087-2809-ee7af947d667}"
EndProject
Project("{FAE04EC0-301F-11D3-BF4B-00C04F79EFBC}") = "Unity.CollabProxy.Editor", "Unity.CollabProxy.Editor.csproj", "{d1bf78dc-10d1-4295-9683-b8ce66b6f7c0}"
EndProject
Project("{FAE04EC0-301F-11D3-BF4B-00C04F79EFBC}") = "PsdPlugin", "PsdPlugin.csproj", "{f50fd224-63e5-1591-874d-4d8cd471d415}"
EndProject
Project("{FAE04EC0-301F-11D3-BF4B-00C04F79EFBC}") = "Unity.2D.Path.Editor", "Unity.2D.Path.Editor.csproj", "{a02daa23-8a54-ebf0-6781-7873f81415e8}"
EndProject
Project("{FAE04EC0-301F-11D3-BF4B-00C04F79EFBC}") = "Unity.Rider.Editor", "Unity.Rider.Editor.csproj", "{f77a4fed-71af-f2e6-54fb-f257e580d57b}"
EndProject
Project("{FAE04EC0-301F-11D3-BF4B-00C04F79EFBC}") = "Unity.2D.IK.Editor", "Unity.2D.IK.Editor.csproj", "{1f957918-d668-2ef9-8d27-226a6bebbd3a}"
EndProject
Project("{FAE04EC0-301F-11D3-BF4B-00C04F79EFBC}") = "Unity.2D.Sprite.Editor", "Unity.2D.Sprite.Editor.csproj", "{e1f1a257-1581-3509-a211-9730cdc3eb17}"
EndProject
Project("{FAE04EC0-301F-11D3-BF4B-00C04F79EFBC}") = "Unity.2D.Tilemap.Editor", "Unity.2D.Tilemap.Editor.csproj", "{9ac830c9-e1f1-cc64-1a54-9f6c58927442}"
EndProject
Project("{FAE04EC0-301F-11D3-BF4B-00C04F79EFBC}") = "Unity.2D.PixelPerfect.Editor", "Unity.2D.PixelPerfect.Editor.csproj", "{02c1387c-c09f-36e3-f026-7a6d5a0200f4}"
EndProject
Project("{FAE04EC0-301F-11D3-BF4B-00C04F79EFBC}") = "Unity.VSCode.Editor", "Unity.VSCode.Editor.csproj", "{be112504-3383-6772-b974-136fd1c0ecf0}"
EndProject
Project("{FAE04EC0-301F-11D3-BF4B-00C04F79EFBC}") = "Unity.2D.Common.Editor", "Unity.2D.Common.Editor.csproj", "{88fe4b5f-d49e-77f2-29eb-bc528cef6924}"
EndProject
Project("{FAE04EC0-301F-11D3-BF4B-00C04F79EFBC}") = "Unity.Mathematics.Editor", "Unity.Mathematics.Editor.csproj", "{aec39c55-e981-dd60-6b4d-eb872573794a}"
EndProject
Project("{FAE04EC0-301F-11D3-BF4B-00C04F79EFBC}") = "Unity.InternalAPIEditorBridge.001", "Unity.InternalAPIEditorBridge.001.csproj", "{fdd0d4c9-611b-702d-3be8-f069a081c499}"
EndProject
Global
	GlobalSection(SolutionConfigurationPlatforms) = preSolution
		Debug|Any CPU = Debug|Any CPU
		Release|Any CPU = Release|Any CPU
	EndGlobalSection
	GlobalSection(ProjectConfigurationPlatforms) = postSolution
		{5bc7f6b0-dd29-66a1-c50e-9e99658ce119}.Debug|Any CPU.ActiveCfg = Debug|Any CPU
		{5bc7f6b0-dd29-66a1-c50e-9e99658ce119}.Debug|Any CPU.Build.0 = Debug|Any CPU
		{5bc7f6b0-dd29-66a1-c50e-9e99658ce119}.Release|Any CPU.ActiveCfg = Release|Any CPU
		{5bc7f6b0-dd29-66a1-c50e-9e99658ce119}.Release|Any CPU.Build.0 = Release|Any CPU
		{92e8f21d-c147-3efe-2c2c-4a008962d89c}.Debug|Any CPU.ActiveCfg = Debug|Any CPU
		{92e8f21d-c147-3efe-2c2c-4a008962d89c}.Debug|Any CPU.Build.0 = Debug|Any CPU
		{92e8f21d-c147-3efe-2c2c-4a008962d89c}.Release|Any CPU.ActiveCfg = Release|Any CPU
		{92e8f21d-c147-3efe-2c2c-4a008962d89c}.Release|Any CPU.Build.0 = Release|Any CPU
		{c8599442-0e9d-db72-ee7e-6d74208ca662}.Debug|Any CPU.ActiveCfg = Debug|Any CPU
		{c8599442-0e9d-db72-ee7e-6d74208ca662}.Debug|Any CPU.Build.0 = Debug|Any CPU
		{c8599442-0e9d-db72-ee7e-6d74208ca662}.Release|Any CPU.ActiveCfg = Release|Any CPU
		{c8599442-0e9d-db72-ee7e-6d74208ca662}.Release|Any CPU.Build.0 = Release|Any CPU
		{5bfbb393-b445-51cf-ffaa-d2051f780189}.Debug|Any CPU.ActiveCfg = Debug|Any CPU
		{5bfbb393-b445-51cf-ffaa-d2051f780189}.Debug|Any CPU.Build.0 = Debug|Any CPU
		{5bfbb393-b445-51cf-ffaa-d2051f780189}.Release|Any CPU.ActiveCfg = Release|Any CPU
		{5bfbb393-b445-51cf-ffaa-d2051f780189}.Release|Any CPU.Build.0 = Release|Any CPU
		{14f6f076-373b-525c-6aae-e320eb765b8f}.Debug|Any CPU.ActiveCfg = Debug|Any CPU
		{14f6f076-373b-525c-6aae-e320eb765b8f}.Debug|Any CPU.Build.0 = Debug|Any CPU
		{14f6f076-373b-525c-6aae-e320eb765b8f}.Release|Any CPU.ActiveCfg = Release|Any CPU
		{14f6f076-373b-525c-6aae-e320eb765b8f}.Release|Any CPU.Build.0 = Release|Any CPU
		{9614dd5b-3eb3-c570-017d-a37230f44f09}.Debug|Any CPU.ActiveCfg = Debug|Any CPU
		{9614dd5b-3eb3-c570-017d-a37230f44f09}.Debug|Any CPU.Build.0 = Debug|Any CPU
		{9614dd5b-3eb3-c570-017d-a37230f44f09}.Release|Any CPU.ActiveCfg = Release|Any CPU
		{9614dd5b-3eb3-c570-017d-a37230f44f09}.Release|Any CPU.Build.0 = Release|Any CPU
		{3fce58a9-b82a-3590-d08e-f17e949398a9}.Debug|Any CPU.ActiveCfg = Debug|Any CPU
		{3fce58a9-b82a-3590-d08e-f17e949398a9}.Debug|Any CPU.Build.0 = Debug|Any CPU
		{3fce58a9-b82a-3590-d08e-f17e949398a9}.Release|Any CPU.ActiveCfg = Release|Any CPU
		{3fce58a9-b82a-3590-d08e-f17e949398a9}.Release|Any CPU.Build.0 = Release|Any CPU
		{4d56582a-39a7-679e-ee90-2130633a2318}.Debug|Any CPU.ActiveCfg = Debug|Any CPU
		{4d56582a-39a7-679e-ee90-2130633a2318}.Debug|Any CPU.Build.0 = Debug|Any CPU
		{4d56582a-39a7-679e-ee90-2130633a2318}.Release|Any CPU.ActiveCfg = Release|Any CPU
		{4d56582a-39a7-679e-ee90-2130633a2318}.Release|Any CPU.Build.0 = Release|Any CPU
		{84a9459b-ee89-ab9b-4c91-656179a843f9}.Debug|Any CPU.ActiveCfg = Debug|Any CPU
		{84a9459b-ee89-ab9b-4c91-656179a843f9}.Debug|Any CPU.Build.0 = Debug|Any CPU
		{84a9459b-ee89-ab9b-4c91-656179a843f9}.Release|Any CPU.ActiveCfg = Release|Any CPU
		{84a9459b-ee89-ab9b-4c91-656179a843f9}.Release|Any CPU.Build.0 = Release|Any CPU
		{a916aa7b-b460-6b46-3b2f-c469bae8b3a1}.Debug|Any CPU.ActiveCfg = Debug|Any CPU
		{a916aa7b-b460-6b46-3b2f-c469bae8b3a1}.Debug|Any CPU.Build.0 = Debug|Any CPU
		{a916aa7b-b460-6b46-3b2f-c469bae8b3a1}.Release|Any CPU.ActiveCfg = Release|Any CPU
		{a916aa7b-b460-6b46-3b2f-c469bae8b3a1}.Release|Any CPU.Build.0 = Release|Any CPU
		{e115f0db-6b50-2a6d-8ef8-f1f8dc99a57f}.Debug|Any CPU.ActiveCfg = Debug|Any CPU
		{e115f0db-6b50-2a6d-8ef8-f1f8dc99a57f}.Debug|Any CPU.Build.0 = Debug|Any CPU
		{e115f0db-6b50-2a6d-8ef8-f1f8dc99a57f}.Release|Any CPU.ActiveCfg = Release|Any CPU
		{e115f0db-6b50-2a6d-8ef8-f1f8dc99a57f}.Release|Any CPU.Build.0 = Release|Any CPU
		{a3e1dce3-a7db-4d11-912e-7773c6b84c12}.Debug|Any CPU.ActiveCfg = Debug|Any CPU
		{a3e1dce3-a7db-4d11-912e-7773c6b84c12}.Debug|Any CPU.Build.0 = Debug|Any CPU
		{a3e1dce3-a7db-4d11-912e-7773c6b84c12}.Release|Any CPU.ActiveCfg = Release|Any CPU
		{a3e1dce3-a7db-4d11-912e-7773c6b84c12}.Release|Any CPU.Build.0 = Release|Any CPU
		{ef1f47a6-191f-ae3c-a942-801736d74a1b}.Debug|Any CPU.ActiveCfg = Debug|Any CPU
		{ef1f47a6-191f-ae3c-a942-801736d74a1b}.Debug|Any CPU.Build.0 = Debug|Any CPU
		{ef1f47a6-191f-ae3c-a942-801736d74a1b}.Release|Any CPU.ActiveCfg = Release|Any CPU
		{ef1f47a6-191f-ae3c-a942-801736d74a1b}.Release|Any CPU.Build.0 = Release|Any CPU
		{1cb9aac0-49e3-5dc2-2c19-4bcb8ea6925f}.Debug|Any CPU.ActiveCfg = Debug|Any CPU
		{1cb9aac0-49e3-5dc2-2c19-4bcb8ea6925f}.Debug|Any CPU.Build.0 = Debug|Any CPU
		{1cb9aac0-49e3-5dc2-2c19-4bcb8ea6925f}.Release|Any CPU.ActiveCfg = Release|Any CPU
		{1cb9aac0-49e3-5dc2-2c19-4bcb8ea6925f}.Release|Any CPU.Build.0 = Release|Any CPU
		{66c89579-1d65-ca68-9035-f5f269fc4cd1}.Debug|Any CPU.ActiveCfg = Debug|Any CPU
		{66c89579-1d65-ca68-9035-f5f269fc4cd1}.Debug|Any CPU.Build.0 = Debug|Any CPU
		{66c89579-1d65-ca68-9035-f5f269fc4cd1}.Release|Any CPU.ActiveCfg = Release|Any CPU
		{66c89579-1d65-ca68-9035-f5f269fc4cd1}.Release|Any CPU.Build.0 = Release|Any CPU
		{24b8ff5a-0dda-3de5-d752-dd30e2cd29ef}.Debug|Any CPU.ActiveCfg = Debug|Any CPU
		{24b8ff5a-0dda-3de5-d752-dd30e2cd29ef}.Debug|Any CPU.Build.0 = Debug|Any CPU
		{24b8ff5a-0dda-3de5-d752-dd30e2cd29ef}.Release|Any CPU.ActiveCfg = Release|Any CPU
		{24b8ff5a-0dda-3de5-d752-dd30e2cd29ef}.Release|Any CPU.Build.0 = Release|Any CPU
		{527ead85-558a-0fcc-2b53-6af6874a8ee1}.Debug|Any CPU.ActiveCfg = Debug|Any CPU
		{527ead85-558a-0fcc-2b53-6af6874a8ee1}.Debug|Any CPU.Build.0 = Debug|Any CPU
		{527ead85-558a-0fcc-2b53-6af6874a8ee1}.Release|Any CPU.ActiveCfg = Release|Any CPU
		{527ead85-558a-0fcc-2b53-6af6874a8ee1}.Release|Any CPU.Build.0 = Release|Any CPU
		{7569636e-92da-4a0d-dd82-a0710b53a235}.Debug|Any CPU.ActiveCfg = Debug|Any CPU
		{7569636e-92da-4a0d-dd82-a0710b53a235}.Debug|Any CPU.Build.0 = Debug|Any CPU
		{7569636e-92da-4a0d-dd82-a0710b53a235}.Release|Any CPU.ActiveCfg = Release|Any CPU
		{7569636e-92da-4a0d-dd82-a0710b53a235}.Release|Any CPU.Build.0 = Release|Any CPU
		{c91e522a-664a-1121-8613-244649b7de81}.Debug|Any CPU.ActiveCfg = Debug|Any CPU
		{c91e522a-664a-1121-8613-244649b7de81}.Debug|Any CPU.Build.0 = Debug|Any CPU
		{c91e522a-664a-1121-8613-244649b7de81}.Release|Any CPU.ActiveCfg = Release|Any CPU
		{c91e522a-664a-1121-8613-244649b7de81}.Release|Any CPU.Build.0 = Release|Any CPU
		{94fb8399-35f5-a465-c398-450ac88176a7}.Debug|Any CPU.ActiveCfg = Debug|Any CPU
		{94fb8399-35f5-a465-c398-450ac88176a7}.Debug|Any CPU.Build.0 = Debug|Any CPU
		{94fb8399-35f5-a465-c398-450ac88176a7}.Release|Any CPU.ActiveCfg = Release|Any CPU
		{94fb8399-35f5-a465-c398-450ac88176a7}.Release|Any CPU.Build.0 = Release|Any CPU
		{4b2b6e2d-af92-1087-2809-ee7af947d667}.Debug|Any CPU.ActiveCfg = Debug|Any CPU
		{4b2b6e2d-af92-1087-2809-ee7af947d667}.Debug|Any CPU.Build.0 = Debug|Any CPU
		{4b2b6e2d-af92-1087-2809-ee7af947d667}.Release|Any CPU.ActiveCfg = Release|Any CPU
		{4b2b6e2d-af92-1087-2809-ee7af947d667}.Release|Any CPU.Build.0 = Release|Any CPU
		{d1bf78dc-10d1-4295-9683-b8ce66b6f7c0}.Debug|Any CPU.ActiveCfg = Debug|Any CPU
		{d1bf78dc-10d1-4295-9683-b8ce66b6f7c0}.Debug|Any CPU.Build.0 = Debug|Any CPU
		{d1bf78dc-10d1-4295-9683-b8ce66b6f7c0}.Release|Any CPU.ActiveCfg = Release|Any CPU
		{d1bf78dc-10d1-4295-9683-b8ce66b6f7c0}.Release|Any CPU.Build.0 = Release|Any CPU
		{f50fd224-63e5-1591-874d-4d8cd471d415}.Debug|Any CPU.ActiveCfg = Debug|Any CPU
		{f50fd224-63e5-1591-874d-4d8cd471d415}.Debug|Any CPU.Build.0 = Debug|Any CPU
		{f50fd224-63e5-1591-874d-4d8cd471d415}.Release|Any CPU.ActiveCfg = Release|Any CPU
		{f50fd224-63e5-1591-874d-4d8cd471d415}.Release|Any CPU.Build.0 = Release|Any CPU
		{a02daa23-8a54-ebf0-6781-7873f81415e8}.Debug|Any CPU.ActiveCfg = Debug|Any CPU
		{a02daa23-8a54-ebf0-6781-7873f81415e8}.Debug|Any CPU.Build.0 = Debug|Any CPU
		{a02daa23-8a54-ebf0-6781-7873f81415e8}.Release|Any CPU.ActiveCfg = Release|Any CPU
		{a02daa23-8a54-ebf0-6781-7873f81415e8}.Release|Any CPU.Build.0 = Release|Any CPU
		{f77a4fed-71af-f2e6-54fb-f257e580d57b}.Debug|Any CPU.ActiveCfg = Debug|Any CPU
		{f77a4fed-71af-f2e6-54fb-f257e580d57b}.Debug|Any CPU.Build.0 = Debug|Any CPU
		{f77a4fed-71af-f2e6-54fb-f257e580d57b}.Release|Any CPU.ActiveCfg = Release|Any CPU
		{f77a4fed-71af-f2e6-54fb-f257e580d57b}.Release|Any CPU.Build.0 = Release|Any CPU
		{1f957918-d668-2ef9-8d27-226a6bebbd3a}.Debug|Any CPU.ActiveCfg = Debug|Any CPU
		{1f957918-d668-2ef9-8d27-226a6bebbd3a}.Debug|Any CPU.Build.0 = Debug|Any CPU
		{1f957918-d668-2ef9-8d27-226a6bebbd3a}.Release|Any CPU.ActiveCfg = Release|Any CPU
		{1f957918-d668-2ef9-8d27-226a6bebbd3a}.Release|Any CPU.Build.0 = Release|Any CPU
		{e1f1a257-1581-3509-a211-9730cdc3eb17}.Debug|Any CPU.ActiveCfg = Debug|Any CPU
		{e1f1a257-1581-3509-a211-9730cdc3eb17}.Debug|Any CPU.Build.0 = Debug|Any CPU
		{e1f1a257-1581-3509-a211-9730cdc3eb17}.Release|Any CPU.ActiveCfg = Release|Any CPU
		{e1f1a257-1581-3509-a211-9730cdc3eb17}.Release|Any CPU.Build.0 = Release|Any CPU
		{9ac830c9-e1f1-cc64-1a54-9f6c58927442}.Debug|Any CPU.ActiveCfg = Debug|Any CPU
		{9ac830c9-e1f1-cc64-1a54-9f6c58927442}.Debug|Any CPU.Build.0 = Debug|Any CPU
		{9ac830c9-e1f1-cc64-1a54-9f6c58927442}.Release|Any CPU.ActiveCfg = Release|Any CPU
		{9ac830c9-e1f1-cc64-1a54-9f6c58927442}.Release|Any CPU.Build.0 = Release|Any CPU
		{02c1387c-c09f-36e3-f026-7a6d5a0200f4}.Debug|Any CPU.ActiveCfg = Debug|Any CPU
		{02c1387c-c09f-36e3-f026-7a6d5a0200f4}.Debug|Any CPU.Build.0 = Debug|Any CPU
		{02c1387c-c09f-36e3-f026-7a6d5a0200f4}.Release|Any CPU.ActiveCfg = Release|Any CPU
		{02c1387c-c09f-36e3-f026-7a6d5a0200f4}.Release|Any CPU.Build.0 = Release|Any CPU
		{be112504-3383-6772-b974-136fd1c0ecf0}.Debug|Any CPU.ActiveCfg = Debug|Any CPU
		{be112504-3383-6772-b974-136fd1c0ecf0}.Debug|Any CPU.Build.0 = Debug|Any CPU
		{be112504-3383-6772-b974-136fd1c0ecf0}.Release|Any CPU.ActiveCfg = Release|Any CPU
		{be112504-3383-6772-b974-136fd1c0ecf0}.Release|Any CPU.Build.0 = Release|Any CPU
		{88fe4b5f-d49e-77f2-29eb-bc528cef6924}.Debug|Any CPU.ActiveCfg = Debug|Any CPU
		{88fe4b5f-d49e-77f2-29eb-bc528cef6924}.Debug|Any CPU.Build.0 = Debug|Any CPU
		{88fe4b5f-d49e-77f2-29eb-bc528cef6924}.Release|Any CPU.ActiveCfg = Release|Any CPU
		{88fe4b5f-d49e-77f2-29eb-bc528cef6924}.Release|Any CPU.Build.0 = Release|Any CPU
		{aec39c55-e981-dd60-6b4d-eb872573794a}.Debug|Any CPU.ActiveCfg = Debug|Any CPU
		{aec39c55-e981-dd60-6b4d-eb872573794a}.Debug|Any CPU.Build.0 = Debug|Any CPU
		{aec39c55-e981-dd60-6b4d-eb872573794a}.Release|Any CPU.ActiveCfg = Release|Any CPU
		{aec39c55-e981-dd60-6b4d-eb872573794a}.Release|Any CPU.Build.0 = Release|Any CPU
		{fdd0d4c9-611b-702d-3be8-f069a081c499}.Debug|Any CPU.ActiveCfg = Debug|Any CPU
		{fdd0d4c9-611b-702d-3be8-f069a081c499}.Debug|Any CPU.Build.0 = Debug|Any CPU
		{fdd0d4c9-611b-702d-3be8-f069a081c499}.Release|Any CPU.ActiveCfg = Release|Any CPU
		{fdd0d4c9-611b-702d-3be8-f069a081c499}.Release|Any CPU.Build.0 = Release|Any CPU
	EndGlobalSection
	GlobalSection(SolutionProperties) = preSolution
		HideSolutionNode = FALSE
	EndGlobalSection
EndGlobal
